github.com/tobiashort/ansi-go v0.0.0-20250830021733-b15679ec4301 h1:gpBmdjkFXHmn4TpgErPpWjv1qY/21J3ohkcx704/X50=
github.com/tobiashort/ansi-go v0.0.0-20250830021733-b15679ec4301/go.mod h1:yPoTE564mrx3g7842t9vvduaGlzo38iKRjIqtGANbyU=
github.com/tobiashort/cfmt-go v0.0.0-20260310195316-ea1d314365aa h1:H3iYFf52VeZsSterDD+gqBClvSOUF4TqalfcBi85TRs=
github.com/tobiashort/cfmt-go v0.0.0-20260310195316-ea1d314365aa/go.mod h1:PhqEaPQwpq0QHHT8Uebu6wLv3n8seCsKkghCTHQV+eo=
github.com/tobiashort/choose-go v0.0.0-20260310200041-4d3ef23572d8 h1:kjujx4lkc8CxSVxlAraSOdc9zIbJyd9oRs343yBKS5E=
github.com/tobiashort/choose-go v0.0.0-20260310200041-4d3ef23572d8/go.mod h1:yO3ndwJsV+7GuQkPrh9t/chzpHvwRfM7mx+f1hN98S0=
github.com/tobiashort/clap-go v0.0.0-20260318162409-b20c7a52fcf9 h1:82zYIwFugImc/A5jdxvlGzOUXkaD14Zoq5Dzq6Tr284=
github.com/tobiashort/clap-go v0.0.0-20260318162409-b20c7a52fcf9/go.mod h1:ajbS7re/CEpzdtzND1cuV5UDxTKksHO7bBEZpDrUXcc=
github.com/tobiashort/clog-go v0.0.0-20260221210951-db23c7123722 h1:C0fnkfpi6kUOMsj+bTzWGrshSwegXloBp3G+TKijVtA=
github.com/tobiashort/clog-go v0.0.0-20260221210951-db23c7123722/go.mod h1:6nenz4pUVKKxx5SGuVCqqMXzliXFx00tX71D8uadgwc=
github.com/tobiashort/groupby-go v0.0.0-20250801093754-b7b096bced08 h1:Ase1ht7+p9VuvTPlqQaimmy1Fk+2h4I1lOmYNFZaQhU=
github.com/tobiashort/groupby-go v0.0.0-20250801093754-b7b096bced08/go.mod h1:a3sv+yq3hVlvvaApeloKdr+fBWpH6STm/C6eBRpruUY=
github.com/tobiashort/orderedmap-go v0.0.0-20251002054801-04382e46b2d2 h1:2rhECCKhcsy2fL3Qr5wy2AbfR4MYBD1AVMKnb21rOWc=
github.com/tobiashort/orderedmap-go v0.0.0-20251002054801-04382e46b2d2/go.mod h1:9byjND2cspBjUQdf5xcKGrBqqR1rLYOWAxt5F8/L0QM=
github.com/tobiashort/term-go v0.0.0-20260311060825-ff4465489e10 h1:PVjI6IuqRxuMt7kCyejhDZTXgPR/wcE7Sji4mOQep3M=
github.com/tobiashort/term-go v0.0.0-20260311060825-ff4465489e10/go.mod h1:UrDtyjlqxj1ova9tXPUqxi6ElMqKB9qYRJnTOhQZKQw=
github.com/tobiashort/utils-go v0.0.0-20260120133022-8b86cb6acfd1 h1:wVC/dGP4ruiP7G/cpVcx46SYzIafGi89eOy+H23tDAg=
github.com/tobiashort/utils-go v0.0.0-20260120133022-8b86cb6acfd1/go.mod h1:3wsCtfMiXqp06v1rGwOpa8djcN7gBE1aVW7AobOjJBE=
github.com/tobiashort/worker-go v0.0.0-20260310200520-3ee73228c57f h1:Upb9hWtRRNwjGXmOjWuy7I9ElzUgZY7RvF4+b3rwz1k=
github.com/tobiashort/worker-go v0.0.0-20260310200520-3ee73228c57f/go.mod h1:ssQFT0x3BnG62i6O3mZm5ly1o/6DV86Uf7alGvlo/fI=
