github.com/tobiashort/ansi-go v0.0.0-20250830021733-b15679ec4301 h1:gpBmdjkFXHmn4TpgErPpWjv1qY/21J3ohkcx704/X50=
github.com/tobiashort/ansi-go v0.0.0-20250830021733-b15679ec4301/go.mod h1:yPoTE564mrx3g7842t9vvduaGlzo38iKRjIqtGANbyU=
github.com/tobiashort/cfmt-go v0.0.0-20250816044318-5ab05204143b h1:YCDY8IL6LST360MqNxbgVJh08s7rJziHbUP1zkPA1tk=
github.com/tobiashort/cfmt-go v0.0.0-20250816044318-5ab05204143b/go.mod h1:cCrrgWw5vNVXK8lR7nEeGzQa2FQMR3EltD/Xm/FE2Y8=
github.com/tobiashort/clap-go v0.0.0-20250911061501-7bf481b3798e h1:y0RxPNX2qbTLRFtPedRRtK3o+8EjamuEZGsOZ1pG5QU=
github.com/tobiashort/clap-go v0.0.0-20250911061501-7bf481b3798e/go.mod h1:fXe6AMsDK0lviUTf5sJKXxfH/m5+KGbcK1jbNwy9Bd8=
github.com/tobiashort/groupby-go v0.0.0-20250801093754-b7b096bced08 h1:Ase1ht7+p9VuvTPlqQaimmy1Fk+2h4I1lOmYNFZaQhU=
github.com/tobiashort/groupby-go v0.0.0-20250801093754-b7b096bced08/go.mod h1:a3sv+yq3hVlvvaApeloKdr+fBWpH6STm/C6eBRpruUY=
github.com/tobiashort/isatty-go v0.0.0-20250729193227-00bbda39413c h1:bHu0yDhCDLYWwUvEf+5KUOzb2VNX8F5E046AWbHkHeY=
github.com/tobiashort/isatty-go v0.0.0-20250729193227-00bbda39413c/go.mod h1:SR1HPbCAU42WyNiMZUkT4uaFR0BhWEUI++hmevlg46Y=
github.com/tobiashort/orderedmap-go v0.0.0-20250808211554-a621a4f4674c h1:59UJ5j5oU2Bh4zujC1i/uFlNlzfUgGCbWcPSYsLbFYc=
github.com/tobiashort/orderedmap-go v0.0.0-20250808211554-a621a4f4674c/go.mod h1:2UXuS6N03zbjxIxA+NaUvoFGF7H5fsrfYShgYIYJC/o=
github.com/tobiashort/orderedmap-go v0.0.0-20251002054801-04382e46b2d2 h1:2rhECCKhcsy2fL3Qr5wy2AbfR4MYBD1AVMKnb21rOWc=
github.com/tobiashort/orderedmap-go v0.0.0-20251002054801-04382e46b2d2/go.mod h1:9byjND2cspBjUQdf5xcKGrBqqR1rLYOWAxt5F8/L0QM=
github.com/tobiashort/utils-go v0.0.0-20251002054048-26121d632576 h1:wWIFVE5RXDB44xIao4ejQ+15hfN5UNclM2D/6Ue1h3s=
github.com/tobiashort/utils-go v0.0.0-20251002054048-26121d632576/go.mod h1:3wsCtfMiXqp06v1rGwOpa8djcN7gBE1aVW7AobOjJBE=
github.com/tobiashort/utils-go v0.0.0-20251002054717-2fe114a3860d h1:HW7JOpaY9ZGzg5eWiXIPS85JGgVtfoootJ34QhC5W+g=
github.com/tobiashort/utils-go v0.0.0-20251002054717-2fe114a3860d/go.mod h1:3wsCtfMiXqp06v1rGwOpa8djcN7gBE1aVW7AobOjJBE=
github.com/tobiashort/worker-go v0.0.0-20250821193852-5ad5b8124a62 h1:4k8eVblO1Qxl51dCxicyIo4DMXucPP6vu67Ci3D5Kt8=
github.com/tobiashort/worker-go v0.0.0-20250821193852-5ad5b8124a62/go.mod h1:S2EefYJNWTZLQhNvRZ1jLO8nfLB7hOR5/eBAYzyUbGs=
